
Microsoft Visual Studio Solution File, Format Version 12.00
# Visual Studio Version 16
VisualStudioVersion = 16.0.32630.194
MinimumVisualStudioVersion = 10.0.40219.1
Project("{159641D6-6404-4A2A-AE62-294DE0FE8301}") = "BASE_DATOS_IMPORTADA_2022", "BASE_DATOS_IMPORTADA_2022\BASE_DATOS_IMPORTADA_2022.dtproj", "{6E6F75FC-C792-4843-BBB6-95163DBC7C6E}"
EndProject
Global
	GlobalSection(SolutionConfigurationPlatforms) = preSolution
		Development|Default = Development|Default
	EndGlobalSection
	GlobalSection(ProjectConfigurationPlatforms) = postSolution
		{6E6F75FC-C792-4843-BBB6-95163DBC7C6E}.Development|Default.ActiveCfg = Development
		{6E6F75FC-C792-4843-BBB6-95163DBC7C6E}.Development|Default.Build.0 = Development
	EndGlobalSection
	GlobalSection(SolutionProperties) = preSolution
		HideSolutionNode = FALSE
	EndGlobalSection
	GlobalSection(ExtensibilityGlobals) = postSolution
		SolutionGuid = {CBB99B43-0D2A-4A88-985B-D308904B2ED3}
	EndGlobalSection
EndGlobal
